// !$*UTF8*$!
{
	archiveVersion = 1;
	classes = {
	};
	objectVersion = 46;
	objects = {

/* Begin PBXBuildFile section */
		2428BE3C19E9F63100222347 /* AppDelegate.swift in Sources */ = {isa = PBXBuildFile; fileRef = 2428BE3B19E9F63100222347 /* AppDelegate.swift */; };
		2428BE4119E9F63100222347 /* Main.storyboard in Resources */ = {isa = PBXBuildFile; fileRef = 2428BE3F19E9F63100222347 /* Main.storyboard */; };
		2428BE4319E9F63100222347 /* Images.xcassets in Resources */ = {isa = PBXBuildFile; fileRef = 2428BE4219E9F63100222347 /* Images.xcassets */; };
		2428BE4619E9F63100222347 /* LaunchScreen.xib in Resources */ = {isa = PBXBuildFile; fileRef = 2428BE4419E9F63100222347 /* LaunchScreen.xib */; };
		2428BE5219E9F63100222347 /* TaskListTests.swift in Sources */ = {isa = PBXBuildFile; fileRef = 2428BE5119E9F63100222347 /* TaskListTests.swift */; };
		244EC40819EA189D00FC3886 /* TaskListTableViewController.swift in Sources */ = {isa = PBXBuildFile; fileRef = 244EC40719EA189D00FC3886 /* TaskListTableViewController.swift */; };
		24A6D80719EB731100ECE188 /* Status.swift in Sources */ = {isa = PBXBuildFile; fileRef = 24A6D80619EB731100ECE188 /* Status.swift */; };
		24A6D80919EB731100ECE188 /* Task.swift in Sources */ = {isa = PBXBuildFile; fileRef = 24A6D80819EB731100ECE188 /* Task.swift */; };
		24A6D80B19EB816C00ECE188 /* TaskDetailViewController.swift in Sources */ = {isa = PBXBuildFile; fileRef = 24A6D80A19EB816C00ECE188 /* TaskDetailViewController.swift */; };
		24A6D80E19EBE8E100ECE188 /* TaskListModel.xcdatamodeld in Sources */ = {isa = PBXBuildFile; fileRef = 24A6D80C19EBE8E100ECE188 /* TaskListModel.xcdatamodeld */; };
/* End PBXBuildFile section */

/* Begin PBXContainerItemProxy section */
		2428BE4C19E9F63100222347 /* PBXContainerItemProxy */ = {
			isa = PBXContainerItemProxy;
			containerPortal = 2428BE2E19E9F63100222347 /* Project object */;
			proxyType = 1;
			remoteGlobalIDString = 2428BE3519E9F63100222347;
			remoteInfo = TaskList;
		};
/* End PBXContainerItemProxy section */

/* Begin PBXFileReference section */
		2428BE3619E9F63100222347 /* TaskList.app */ = {isa = PBXFileReference; explicitFileType = wrapper.application; includeInIndex = 0; path = TaskList.app; sourceTree = BUILT_PRODUCTS_DIR; };
		2428BE3A19E9F63100222347 /* Info.plist */ = {isa = PBXFileReference; lastKnownFileType = text.plist.xml; path = Info.plist; sourceTree = "<group>"; };
		2428BE3B19E9F63100222347 /* AppDelegate.swift */ = {isa = PBXFileReference; lastKnownFileType = sourcecode.swift; path = AppDelegate.swift; sourceTree = "<group>"; };
		2428BE4019E9F63100222347 /* Base */ = {isa = PBXFileReference; lastKnownFileType = file.storyboard; name = Base; path = Base.lproj/Main.storyboard; sourceTree = "<group>"; };
		2428BE4219E9F63100222347 /* Images.xcassets */ = {isa = PBXFileReference; lastKnownFileType = folder.assetcatalog; path = Images.xcassets; sourceTree = "<group>"; };
		2428BE4519E9F63100222347 /* Base */ = {isa = PBXFileReference; lastKnownFileType = file.xib; name = Base; path = Base.lproj/LaunchScreen.xib; sourceTree = "<group>"; };
		2428BE4B19E9F63100222347 /* TaskListTests.xctest */ = {isa = PBXFileReference; explicitFileType = wrapper.cfbundle; includeInIndex = 0; path = TaskListTests.xctest; sourceTree = BUILT_PRODUCTS_DIR; };
		2428BE5019E9F63100222347 /* Info.plist */ = {isa = PBXFileReference; lastKnownFileType = text.plist.xml; path = Info.plist; sourceTree = "<group>"; };
		2428BE5119E9F63100222347 /* TaskListTests.swift */ = {isa = PBXFileReference; lastKnownFileType = sourcecode.swift; path = TaskListTests.swift; sourceTree = "<group>"; };
		244EC40719EA189D00FC3886 /* TaskListTableViewController.swift */ = {isa = PBXFileReference; fileEncoding = 4; lastKnownFileType = sourcecode.swift; path = TaskListTableViewController.swift; sourceTree = "<group>"; };
		24A6D80619EB731100ECE188 /* Status.swift */ = {isa = PBXFileReference; fileEncoding = 4; lastKnownFileType = sourcecode.swift; path = Status.swift; sourceTree = "<group>"; };
		24A6D80819EB731100ECE188 /* Task.swift */ = {isa = PBXFileReference; fileEncoding = 4; lastKnownFileType = sourcecode.swift; path = Task.swift; sourceTree = "<group>"; };
		24A6D80A19EB816C00ECE188 /* TaskDetailViewController.swift */ = {isa = PBXFileReference; fileEncoding = 4; lastKnownFileType = sourcecode.swift; path = TaskDetailViewController.swift; sourceTree = "<group>"; };
		24A6D80D19EBE8E100ECE188 /* TaskListModel.xcdatamodel */ = {isa = PBXFileReference; lastKnownFileType = wrapper.xcdatamodel; path = TaskListModel.xcdatamodel; sourceTree = "<group>"; };
/* End PBXFileReference section */

/* Begin PBXFrameworksBuildPhase section */
		2428BE3319E9F63100222347 /* Frameworks */ = {
			isa = PBXFrameworksBuildPhase;
			buildActionMask = 2147483647;
			files = (
			);
			runOnlyForDeploymentPostprocessing = 0;
		};
		2428BE4819E9F63100222347 /* Frameworks */ = {
			isa = PBXFrameworksBuildPhase;
			buildActionMask = 2147483647;
			files = (
			);
			runOnlyForDeploymentPostprocessing = 0;
		};
/* End PBXFrameworksBuildPhase section */

/* Begin PBXGroup section */
		2416F2B019ED974D0033EAF6 /* CoreData */ = {
			isa = PBXGroup;
			children = (
				24A6D80C19EBE8E100ECE188 /* TaskListModel.xcdatamodeld */,
				24A6D80819EB731100ECE188 /* Task.swift */,
				24A6D80619EB731100ECE188 /* Status.swift */,
			);
			name = CoreData;
			sourceTree = "<group>";
		};
		2416F2B119ED97560033EAF6 /* Controllers */ = {
			isa = PBXGroup;
			children = (
				24A6D80A19EB816C00ECE188 /* TaskDetailViewController.swift */,
				244EC40719EA189D00FC3886 /* TaskListTableViewController.swift */,
			);
			name = Controllers;
			sourceTree = "<group>";
		};
		2428BE2D19E9F63100222347 = {
			isa = PBXGroup;
			children = (
				2428BE3819E9F63100222347 /* TaskList */,
				2428BE4E19E9F63100222347 /* TaskListTests */,
				2428BE3719E9F63100222347 /* Products */,
			);
			sourceTree = "<group>";
		};
		2428BE3719E9F63100222347 /* Products */ = {
			isa = PBXGroup;
			children = (
				2428BE3619E9F63100222347 /* TaskList.app */,
				2428BE4B19E9F63100222347 /* TaskListTests.xctest */,
			);
			name = Products;
			sourceTree = "<group>";
		};
		2428BE3819E9F63100222347 /* TaskList */ = {
			isa = PBXGroup;
			children = (
				2428BE3B19E9F63100222347 /* AppDelegate.swift */,
				2428BE3F19E9F63100222347 /* Main.storyboard */,
				2416F2B119ED97560033EAF6 /* Controllers */,
				2416F2B019ED974D0033EAF6 /* CoreData */,
				2428BE4219E9F63100222347 /* Images.xcassets */,
				2428BE4419E9F63100222347 /* LaunchScreen.xib */,
				2428BE3919E9F63100222347 /* Supporting Files */,
			);
			path = TaskList;
			sourceTree = "<group>";
		};
		2428BE3919E9F63100222347 /* Supporting Files */ = {
			isa = PBXGroup;
			children = (
				2428BE3A19E9F63100222347 /* Info.plist */,
			);
			name = "Supporting Files";
			sourceTree = "<group>";
		};
		2428BE4E19E9F63100222347 /* TaskListTests */ = {
			isa = PBXGroup;
			children = (
				2428BE5119E9F63100222347 /* TaskListTests.swift */,
				2428BE4F19E9F63100222347 /* Supporting Files */,
			);
			path = TaskListTests;
			sourceTree = "<group>";
		};
		2428BE4F19E9F63100222347 /* Supporting Files */ = {
			isa = PBXGroup;
			children = (
				2428BE5019E9F63100222347 /* Info.plist */,
			);
			name = "Supporting Files";
			sourceTree = "<group>";
		};
/* End PBXGroup section */

/* Begin PBXNativeTarget section */
		2428BE3519E9F63100222347 /* TaskList */ = {
			isa = PBXNativeTarget;
			buildConfigurationList = 2428BE5519E9F63100222347 /* Build configuration list for PBXNativeTarget "TaskList" */;
			buildPhases = (
				2428BE3219E9F63100222347 /* Sources */,
				2428BE3319E9F63100222347 /* Frameworks */,
				2428BE3419E9F63100222347 /* Resources */,
			);
			buildRules = (
			);
			dependencies = (
			);
			name = TaskList;
			productName = TaskList;
			productReference = 2428BE3619E9F63100222347 /* TaskList.app */;
			productType = "com.apple.product-type.application";
		};
		2428BE4A19E9F63100222347 /* TaskListTests */ = {
			isa = PBXNativeTarget;
			buildConfigurationList = 2428BE5819E9F63100222347 /* Build configuration list for PBXNativeTarget "TaskListTests" */;
			buildPhases = (
				2428BE4719E9F63100222347 /* Sources */,
				2428BE4819E9F63100222347 /* Frameworks */,
				2428BE4919E9F63100222347 /* Resources */,
			);
			buildRules = (
			);
			dependencies = (
				2428BE4D19E9F63100222347 /* PBXTargetDependency */,
			);
			name = TaskListTests;
			productName = TaskListTests;
			productReference = 2428BE4B19E9F63100222347 /* TaskListTests.xctest */;
			productType = "com.apple.product-type.bundle.unit-test";
		};
/* End PBXNativeTarget section */

/* Begin PBXProject section */
		2428BE2E19E9F63100222347 /* Project object */ = {
			isa = PBXProject;
			attributes = {
				LastUpgradeCheck = 0600;
				ORGANIZATIONNAME = FIAP;
				TargetAttributes = {
					2428BE3519E9F63100222347 = {
						CreatedOnToolsVersion = 6.0;
					};
					2428BE4A19E9F63100222347 = {
						CreatedOnToolsVersion = 6.0;
						TestTargetID = 2428BE3519E9F63100222347;
					};
				};
			};
			buildConfigurationList = 2428BE3119E9F63100222347 /* Build configuration list for PBXProject "TaskList" */;
			compatibilityVersion = "Xcode 3.2";
			developmentRegion = English;
			hasScannedForEncodings = 0;
			knownRegions = (
				en,
				Base,
			);
			mainGroup = 2428BE2D19E9F63100222347;
			productRefGroup = 2428BE3719E9F63100222347 /* Products */;
			projectDirPath = "";
			projectRoot = "";
			targets = (
				2428BE3519E9F63100222347 /* TaskList */,
				2428BE4A19E9F63100222347 /* TaskListTests */,
			);
		};
/* End PBXProject section */

/* Begin PBXResourcesBuildPhase section */
		2428BE3419E9F63100222347 /* Resources */ = {
			isa = PBXResourcesBuildPhase;
			buildActionMask = 2147483647;
			files = (
				2428BE4119E9F63100222347 /* Main.storyboard in Resources */,
				2428BE4619E9F63100222347 /* LaunchScreen.xib in Resources */,
				2428BE4319E9F63100222347 /* Images.xcassets in Resources */,
			);
			runOnlyForDeploymentPostprocessing = 0;
		};
		2428BE4919E9F63100222347 /* Resources */ = {
			isa = PBXResourcesBuildPhase;
			buildActionMask = 2147483647;
			files = (
			);
			runOnlyForDeploymentPostprocessing = 0;
		};
/* End PBXResourcesBuildPhase section */

/* Begin PBXSourcesBuildPhase section */
		2428BE3219E9F63100222347 /* Sources */ = {
			isa = PBXSourcesBuildPhase;
			buildActionMask = 2147483647;
			files = (
				24A6D80B19EB816C00ECE188 /* TaskDetailViewController.swift in Sources */,
				244EC40819EA189D00FC3886 /* TaskListTableViewController.swift in Sources */,
				24A6D80919EB731100ECE188 /* Task.swift in Sources */,
				2428BE3C19E9F63100222347 /* AppDelegate.swift in Sources */,
				24A6D80E19EBE8E100ECE188 /* TaskListModel.xcdatamodeld in Sources */,
				24A6D80719EB731100ECE188 /* Status.swift in Sources */,
			);
			runOnlyForDeploymentPostprocessing = 0;
		};
		2428BE4719E9F63100222347 /* Sources */ = {
			isa = PBXSourcesBuildPhase;
			buildActionMask = 2147483647;
			files = (
				2428BE5219E9F63100222347 /* TaskListTests.swift in Sources */,
			);
			runOnlyForDeploymentPostprocessing = 0;
		};
/* End PBXSourcesBuildPhase section */

/* Begin PBXTargetDependency section */
		2428BE4D19E9F63100222347 /* PBXTargetDependency */ = {
			isa = PBXTargetDependency;
			target = 2428BE3519E9F63100222347 /* TaskList */;
			targetProxy = 2428BE4C19E9F63100222347 /* PBXContainerItemProxy */;
		};
/* End PBXTargetDependency section */

/* Begin PBXVariantGroup section */
		2428BE3F19E9F63100222347 /* Main.storyboard */ = {
			isa = PBXVariantGroup;
			children = (
				2428BE4019E9F63100222347 /* Base */,
			);
			name = Main.storyboard;
			sourceTree = "<group>";
		};
		2428BE4419E9F63100222347 /* LaunchScreen.xib */ = {
			isa = PBXVariantGroup;
			children = (
				2428BE4519E9F63100222347 /* Base */,
			);
			name = LaunchScreen.xib;
			sourceTree = "<group>";
		};
/* End PBXVariantGroup section */

/* Begin XCBuildConfiguration section */
		2428BE5319E9F63100222347 /* Debug */ = {
			isa = XCBuildConfiguration;
			buildSettings = {
				ALWAYS_SEARCH_USER_PATHS = NO;
				CLANG_CXX_LANGUAGE_STANDARD = "gnu++0x";
				CLANG_CXX_LIBRARY = "libc++";
				CLANG_ENABLE_MODULES = YES;
				CLANG_ENABLE_OBJC_ARC = YES;
				CLANG_WARN_BOOL_CONVERSION = YES;
				CLANG_WARN_CONSTANT_CONVERSION = YES;
				CLANG_WARN_DIRECT_OBJC_ISA_USAGE = YES_ERROR;
				CLANG_WARN_EMPTY_BODY = YES;
				CLANG_WARN_ENUM_CONVERSION = YES;
				CLANG_WARN_INT_CONVERSION = YES;
				CLANG_WARN_OBJC_ROOT_CLASS = YES_ERROR;
				CLANG_WARN_UNREACHABLE_CODE = YES;
				CLANG_WARN__DUPLICATE_METHOD_MATCH = YES;
				"CODE_SIGN_IDENTITY[sdk=iphoneos*]" = "iPhone Developer";
				COPY_PHASE_STRIP = NO;
				ENABLE_STRICT_OBJC_MSGSEND = YES;
				GCC_C_LANGUAGE_STANDARD = gnu99;
				GCC_DYNAMIC_NO_PIC = NO;
				GCC_OPTIMIZATION_LEVEL = 0;
				GCC_PREPROCESSOR_DEFINITIONS = (
					"DEBUG=1",
					"$(inherited)",
				);
				GCC_SYMBOLS_PRIVATE_EXTERN = NO;
				GCC_WARN_64_TO_32_BIT_CONVERSION = YES;
				GCC_WARN_ABOUT_RETURN_TYPE = YES_ERROR;
				GCC_WARN_UNDECLARED_SELECTOR = YES;
				GCC_WARN_UNINITIALIZED_AUTOS = YES_AGGRESSIVE;
				GCC_WARN_UNUSED_FUNCTION = YES;
				GCC_WARN_UNUSED_VARIABLE = YES;
				IPHONEOS_DEPLOYMENT_TARGET = 8.0;
				MTL_ENABLE_DEBUG_INFO = YES;
				ONLY_ACTIVE_ARCH = YES;
				SDKROOT = iphoneos;
				SWIFT_OPTIMIZATION_LEVEL = "-Onone";
				TARGETED_DEVICE_FAMILY = "1,2";
			};
			name = Debug;
		};
		2428BE5419E9F63100222347 /* Release */ = {
			isa = XCBuildConfiguration;
			buildSettings = {
				ALWAYS_SEARCH_USER_PATHS = NO;
				CLANG_CXX_LANGUAGE_STANDARD = "gnu++0x";
				CLANG_CXX_LIBRARY = "libc++";
				CLANG_ENABLE_MODULES = YES;
				CLANG_ENABLE_OBJC_ARC = YES;
				CLANG_WARN_BOOL_CONVERSION = YES;
				CLANG_WARN_CONSTANT_CONVERSION = YES;
				CLANG_WARN_DIRECT_OBJC_ISA_USAGE = YES_ERROR;
				CLANG_WARN_EMPTY_BODY = YES;
				CLANG_WARN_ENUM_CONVERSION = YES;
				CLANG_WARN_INT_CONVERSION = YES;
				CLANG_WARN_OBJC_ROOT_CLASS = YES_ERROR;
				CLANG_WARN_UNREACHABLE_CODE = YES;
				CLANG_WARN__DUPLICATE_METHOD_MATCH = YES;
				"CODE_SIGN_IDENTITY[sdk=iphoneos*]" = "iPhone Developer";
				COPY_PHASE_STRIP = YES;
				ENABLE_NS_ASSERTIONS = NO;
				ENABLE_STRICT_OBJC_MSGSEND = YES;
				GCC_C_LANGUAGE_STANDARD = gnu99;
				GCC_WARN_64_TO_32_BIT_CONVERSION = YES;
				GCC_WARN_ABOUT_RETURN_TYPE = YES_ERROR;
				GCC_WARN_UNDECLARED_SELECTOR = YES;
				GCC_WARN_UNINITIALIZED_AUTOS = YES_AGGRESSIVE;
				GCC_WARN_UNUSED_FUNCTION = YES;
				GCC_WARN_UNUSED_VARIABLE = YES;
				IPHONEOS_DEPLOYMENT_TARGET = 8.0;
				MTL_ENABLE_DEBUG_INFO = NO;
				SDKROOT = iphoneos;
				TARGETED_DEVICE_FAMILY = "1,2";
				VALIDATE_PRODUCT = YES;
			};
			name = Release;
		};
		2428BE5619E9F63100222347 /* Debug */ = {
			isa = XCBuildConfiguration;
			buildSettings = {
				ASSETCATALOG_COMPILER_APPICON_NAME = AppIcon;
				CLANG_ENABLE_MODULES = YES;
				INFOPLIST_FILE = TaskList/Info.plist;
				LD_RUNPATH_SEARCH_PATHS = "$(inherited) @executable_path/Frameworks";
				PRODUCT_NAME = "$(TARGET_NAME)";
				SWIFT_OBJC_BRIDGING_HEADER = "";
				SWIFT_OPTIMIZATION_LEVEL = "-Onone";
			};
			name = Debug;
		};
		2428BE5719E9F63100222347 /* Release */ = {
			isa = XCBuildConfiguration;
			buildSettings = {
				ASSETCATALOG_COMPILER_APPICON_NAME = AppIcon;
				CLANG_ENABLE_MODULES = YES;
				INFOPLIST_FILE = TaskList/Info.plist;
				LD_RUNPATH_SEARCH_PATHS = "$(inherited) @executable_path/Frameworks";
				PRODUCT_NAME = "$(TARGET_NAME)";
				SWIFT_OBJC_BRIDGING_HEADER = "";
			};
			name = Release;
		};
		2428BE5919E9F63100222347 /* Debug */ = {
			isa = XCBuildConfiguration;
			buildSettings = {
				BUNDLE_LOADER = "$(TEST_HOST)";
				FRAMEWORK_SEARCH_PATHS = (
					"$(SDKROOT)/Developer/Library/Frameworks",
					"$(inherited)",
				);
				GCC_PREPROCESSOR_DEFINITIONS = (
					"DEBUG=1",
					"$(inherited)",
				);
				INFOPLIST_FILE = TaskListTests/Info.plist;
				LD_RUNPATH_SEARCH_PATHS = "$(inherited) @executable_path/Frameworks @loader_path/Frameworks";
				PRODUCT_NAME = "$(TARGET_NAME)";
				TEST_HOST = "$(BUILT_PRODUCTS_DIR)/TaskList.app/TaskList";
			};
			name = Debug;
		};
		2428BE5A19E9F63100222347 /* Release */ = {
			isa = XCBuildConfiguration;
			buildSettings = {
				BUNDLE_LOADER = "$(TEST_HOST)";
				FRAMEWORK_SEARCH_PATHS = (
					"$(SDKROOT)/Developer/Library/Frameworks",
					"$(inherited)",
				);
				INFOPLIST_FILE = TaskListTests/Info.plist;
				LD_RUNPATH_SEARCH_PATHS = "$(inherited) @executable_path/Frameworks @loader_path/Frameworks";
				PRODUCT_NAME = "$(TARGET_NAME)";
				TEST_HOST = "$(BUILT_PRODUCTS_DIR)/TaskList.app/TaskList";
			};
			name = Release;
		};
/* End XCBuildConfiguration section */

/* Begin XCConfigurationList section */
		2428BE3119E9F63100222347 /* Build configuration list for PBXProject "TaskList" */ = {
			isa = XCConfigurationList;
			buildConfigurations = (
				2428BE5319E9F63100222347 /* Debug */,
				2428BE5419E9F63100222347 /* Release */,
			);
			defaultConfigurationIsVisible = 0;
			defaultConfigurationName = Release;
		};
		2428BE5519E9F63100222347 /* Build configuration list for PBXNativeTarget "TaskList" */ = {
			isa = XCConfigurationList;
			buildConfigurations = (
				2428BE5619E9F63100222347 /* Debug */,
				2428BE5719E9F63100222347 /* Release */,
			);
			defaultConfigurationIsVisible = 0;
			defaultConfigurationName = Release;
		};
		2428BE5819E9F63100222347 /* Build configuration list for PBXNativeTarget "TaskListTests" */ = {
			isa = XCConfigurationList;
			buildConfigurations = (
				2428BE5919E9F63100222347 /* Debug */,
				2428BE5A19E9F63100222347 /* Release */,
			);
			defaultConfigurationIsVisible = 0;
			defaultConfigurationName = Release;
		};
/* End XCConfigurationList section */

/* Begin XCVersionGroup section */
		24A6D80C19EBE8E100ECE188 /* TaskListModel.xcdatamodeld */ = {
			isa = XCVersionGroup;
			children = (
				24A6D80D19EBE8E100ECE188 /* TaskListModel.xcdatamodel */,
			);
			currentVersion = 24A6D80D19EBE8E100ECE188 /* TaskListModel.xcdatamodel */;
			path = TaskListModel.xcdatamodeld;
			sourceTree = "<group>";
			versionGroupType = wrapper.xcdatamodel;
		};
/* End XCVersionGroup section */
	};
	rootObject = 2428BE2E19E9F63100222347 /* Project object */;
}
